
Microsoft Visual Studio Solution File, Format Version 12.00
# Visual Studio Version 17
VisualStudioVersion = 17.13.35913.81 d17.13
MinimumVisualStudioVersion = 10.0.40219.1
Project("{FAE04EC0-301F-11D3-BF4B-00C04F79EFBC}") = "Lab9MultiStepForm", "Lab9MultiStepForm\Lab9MultiStepForm.csproj", "{519E17DC-E828-4BF6-A8EC-A60C2A818B13}"
EndProject
Global
	GlobalSection(SolutionConfigurationPlatforms) = preSolution
		Debug|Any CPU = Debug|Any CPU
		Release|Any CPU = Release|Any CPU
	EndGlobalSection
	GlobalSection(ProjectConfigurationPlatforms) = postSolution
		{519E17DC-E828-4BF6-A8EC-A60C2A818B13}.Debug|Any CPU.ActiveCfg = Debug|Any CPU
		{519E17DC-E828-4BF6-A8EC-A60C2A818B13}.Debug|Any CPU.Build.0 = Debug|Any CPU
		{519E17DC-E828-4BF6-A8EC-A60C2A818B13}.Release|Any CPU.ActiveCfg = Release|Any CPU
		{519E17DC-E828-4BF6-A8EC-A60C2A818B13}.Release|Any CPU.Build.0 = Release|Any CPU
	EndGlobalSection
	GlobalSection(SolutionProperties) = preSolution
		HideSolutionNode = FALSE
	EndGlobalSection
	GlobalSection(ExtensibilityGlobals) = postSolution
		SolutionGuid = {CEF237E5-897B-41ED-8553-10A3D29FBB09}
	EndGlobalSection
EndGlobal
