
Microsoft Visual Studio Solution File, Format Version 12.00
# Visual Studio Version 17
VisualStudioVersion = 17.13.35913.81 d17.13
MinimumVisualStudioVersion = 10.0.40219.1
Project("{FAE04EC0-301F-11D3-BF4B-00C04F79EFBC}") = "MultiLangNotepad", "MultiLangNotepad\MultiLangNotepad.csproj", "{E33CDC4F-8B46-44B5-98FF-8C19E7F0A9E7}"
EndProject
Global
	GlobalSection(SolutionConfigurationPlatforms) = preSolution
		Debug|Any CPU = Debug|Any CPU
		Release|Any CPU = Release|Any CPU
	EndGlobalSection
	GlobalSection(ProjectConfigurationPlatforms) = postSolution
		{E33CDC4F-8B46-44B5-98FF-8C19E7F0A9E7}.Debug|Any CPU.ActiveCfg = Debug|Any CPU
		{E33CDC4F-8B46-44B5-98FF-8C19E7F0A9E7}.Debug|Any CPU.Build.0 = Debug|Any CPU
		{E33CDC4F-8B46-44B5-98FF-8C19E7F0A9E7}.Release|Any CPU.ActiveCfg = Release|Any CPU
		{E33CDC4F-8B46-44B5-98FF-8C19E7F0A9E7}.Release|Any CPU.Build.0 = Release|Any CPU
	EndGlobalSection
	GlobalSection(SolutionProperties) = preSolution
		HideSolutionNode = FALSE
	EndGlobalSection
	GlobalSection(ExtensibilityGlobals) = postSolution
		SolutionGuid = {20BD3512-17A4-4DDC-ACF5-34642BC10798}
	EndGlobalSection
EndGlobal
